
Microsoft Visual Studio Solution File, Format Version 12.00
# Visual Studio Version 17
VisualStudioVersion = 17.2.32630.192
MinimumVisualStudioVersion = 10.0.40219.1
Project("{9A19103F-16F7-4668-BE54-9A1E7A4F7556}") = "Handbook.Server", "Handbook\Server\Handbook.Server.csproj", "{69E4CB42-1DEC-4F28-8A20-A35CED8C02A9}"
EndProject
Project("{9A19103F-16F7-4668-BE54-9A1E7A4F7556}") = "Handbook.Client", "Handbook\Client\Handbook.Client.csproj", "{F9A61C9E-3445-40DA-B516-0AFC62AD0B64}"
EndProject
Project("{9A19103F-16F7-4668-BE54-9A1E7A4F7556}") = "Handbook.Shared", "Handbook\Shared\Handbook.Shared.csproj", "{050B6A6D-00FA-459A-91F3-7D153ABD8989}"
EndProject
Global
	GlobalSection(SolutionConfigurationPlatforms) = preSolution
		Debug|Any CPU = Debug|Any CPU
		Release|Any CPU = Release|Any CPU
	EndGlobalSection
	GlobalSection(ProjectConfigurationPlatforms) = postSolution
		{69E4CB42-1DEC-4F28-8A20-A35CED8C02A9}.Debug|Any CPU.ActiveCfg = Debug|Any CPU
		{69E4CB42-1DEC-4F28-8A20-A35CED8C02A9}.Debug|Any CPU.Build.0 = Debug|Any CPU
		{69E4CB42-1DEC-4F28-8A20-A35CED8C02A9}.Release|Any CPU.ActiveCfg = Release|Any CPU
		{69E4CB42-1DEC-4F28-8A20-A35CED8C02A9}.Release|Any CPU.Build.0 = Release|Any CPU
		{F9A61C9E-3445-40DA-B516-0AFC62AD0B64}.Debug|Any CPU.ActiveCfg = Debug|Any CPU
		{F9A61C9E-3445-40DA-B516-0AFC62AD0B64}.Debug|Any CPU.Build.0 = Debug|Any CPU
		{F9A61C9E-3445-40DA-B516-0AFC62AD0B64}.Release|Any CPU.ActiveCfg = Release|Any CPU
		{F9A61C9E-3445-40DA-B516-0AFC62AD0B64}.Release|Any CPU.Build.0 = Release|Any CPU
		{050B6A6D-00FA-459A-91F3-7D153ABD8989}.Debug|Any CPU.ActiveCfg = Debug|Any CPU
		{050B6A6D-00FA-459A-91F3-7D153ABD8989}.Debug|Any CPU.Build.0 = Debug|Any CPU
		{050B6A6D-00FA-459A-91F3-7D153ABD8989}.Release|Any CPU.ActiveCfg = Release|Any CPU
		{050B6A6D-00FA-459A-91F3-7D153ABD8989}.Release|Any CPU.Build.0 = Release|Any CPU
	EndGlobalSection
	GlobalSection(SolutionProperties) = preSolution
		HideSolutionNode = FALSE
	EndGlobalSection
	GlobalSection(ExtensibilityGlobals) = postSolution
		SolutionGuid = {AF300D09-BCE6-4973-9726-A5D0D9EF3147}
	EndGlobalSection
EndGlobal
